// !$*UTF8*$!
{
	archiveVersion = 1;
	classes = {
	};
	objectVersion = 50;
	objects = {

/* Begin PBXBuildFile section */
		CAAD35C122070C9D00EA72E2 /* AppDelegate.swift in Sources */ = {isa = PBXBuildFile; fileRef = CAAD35C022070C9D00EA72E2 /* AppDelegate.swift */; };
		CAAD35C322070C9D00EA72E2 /* MovieTableViewController.swift in Sources */ = {isa = PBXBuildFile; fileRef = CAAD35C222070C9D00EA72E2 /* MovieTableViewController.swift */; };
		CAAD35C622070C9D00EA72E2 /* Main.storyboard in Resources */ = {isa = PBXBuildFile; fileRef = CAAD35C422070C9D00EA72E2 /* Main.storyboard */; };
		CAAD35C822070C9F00EA72E2 /* Assets.xcassets in Resources */ = {isa = PBXBuildFile; fileRef = CAAD35C722070C9F00EA72E2 /* Assets.xcassets */; };
		CAAD35CB22070C9F00EA72E2 /* LaunchScreen.storyboard in Resources */ = {isa = PBXBuildFile; fileRef = CAAD35C922070C9F00EA72E2 /* LaunchScreen.storyboard */; };
		CAAD35D72209740F00EA72E2 /* Movie.swift in Sources */ = {isa = PBXBuildFile; fileRef = CAAD35D62209740F00EA72E2 /* Movie.swift */; };
		CAAD35D922097D4700EA72E2 /* BoxOfficeAPI.swift in Sources */ = {isa = PBXBuildFile; fileRef = CAAD35D822097D4700EA72E2 /* BoxOfficeAPI.swift */; };
		CAAD35DB2209800300EA72E2 /* MovieDetail.swift in Sources */ = {isa = PBXBuildFile; fileRef = CAAD35DA2209800300EA72E2 /* MovieDetail.swift */; };
		CAAD35DD2209802B00EA72E2 /* Comment.swift in Sources */ = {isa = PBXBuildFile; fileRef = CAAD35DC2209802B00EA72E2 /* Comment.swift */; };
		CAAD35E32209826800EA72E2 /* MovieCollectionViewCell.swift in Sources */ = {isa = PBXBuildFile; fileRef = CAAD35E22209826800EA72E2 /* MovieCollectionViewCell.swift */; };
		CAAD35E7220982A100EA72E2 /* MovieCollectionViewController.swift in Sources */ = {isa = PBXBuildFile; fileRef = CAAD35E6220982A100EA72E2 /* MovieCollectionViewController.swift */; };
		CAAD35E92209891E00EA72E2 /* DetailInfoViewController.swift in Sources */ = {isa = PBXBuildFile; fileRef = CAAD35E82209891E00EA72E2 /* DetailInfoViewController.swift */; };
		CAAD35EB22098A6000EA72E2 /* DetailInfoCell.swift in Sources */ = {isa = PBXBuildFile; fileRef = CAAD35EA22098A6000EA72E2 /* DetailInfoCell.swift */; };
		CAAD35EE22098E3C00EA72E2 /* MovieTableViewController.swift in Sources */ = {isa = PBXBuildFile; fileRef = CAAD35EC22098E3C00EA72E2 /* MovieTableViewController.swift */; };
		CAAD35EF22098E3C00EA72E2 /* MovieTableViewCell.swift in Sources */ = {isa = PBXBuildFile; fileRef = CAAD35ED22098E3C00EA72E2 /* MovieTableViewCell.swift */; };
		CAAD35F1220990EB00EA72E2 /* CommentCell.swift in Sources */ = {isa = PBXBuildFile; fileRef = CAAD35F0220990EB00EA72E2 /* CommentCell.swift */; };
		CAAD35F3220AD99A00EA72E2 /* CommentViewController.swift in Sources */ = {isa = PBXBuildFile; fileRef = CAAD35F2220AD99A00EA72E2 /* CommentViewController.swift */; };
/* End PBXBuildFile section */

/* Begin PBXFileReference section */
		CAAD35BD22070C9D00EA72E2 /* BoxOffice.app */ = {isa = PBXFileReference; explicitFileType = wrapper.application; includeInIndex = 0; path = BoxOffice.app; sourceTree = BUILT_PRODUCTS_DIR; };
		CAAD35C022070C9D00EA72E2 /* AppDelegate.swift */ = {isa = PBXFileReference; lastKnownFileType = sourcecode.swift; path = AppDelegate.swift; sourceTree = "<group>"; };
		CAAD35C222070C9D00EA72E2 /* MovieTableViewController.swift */ = {isa = PBXFileReference; lastKnownFileType = sourcecode.swift; path = MovieTableViewController.swift; sourceTree = "<group>"; };
		CAAD35C522070C9D00EA72E2 /* Base */ = {isa = PBXFileReference; lastKnownFileType = file.storyboard; name = Base; path = Base.lproj/Main.storyboard; sourceTree = "<group>"; };
		CAAD35C722070C9F00EA72E2 /* Assets.xcassets */ = {isa = PBXFileReference; lastKnownFileType = folder.assetcatalog; path = Assets.xcassets; sourceTree = "<group>"; };
		CAAD35CA22070C9F00EA72E2 /* Base */ = {isa = PBXFileReference; lastKnownFileType = file.storyboard; name = Base; path = Base.lproj/LaunchScreen.storyboard; sourceTree = "<group>"; };
		CAAD35CC22070C9F00EA72E2 /* Info.plist */ = {isa = PBXFileReference; lastKnownFileType = text.plist.xml; path = Info.plist; sourceTree = "<group>"; };
		CAAD35D62209740F00EA72E2 /* Movie.swift */ = {isa = PBXFileReference; lastKnownFileType = sourcecode.swift; path = Movie.swift; sourceTree = "<group>"; };
		CAAD35D822097D4700EA72E2 /* BoxOfficeAPI.swift */ = {isa = PBXFileReference; lastKnownFileType = sourcecode.swift; path = BoxOfficeAPI.swift; sourceTree = "<group>"; };
		CAAD35DA2209800300EA72E2 /* MovieDetail.swift */ = {isa = PBXFileReference; lastKnownFileType = sourcecode.swift; path = MovieDetail.swift; sourceTree = "<group>"; };
		CAAD35DC2209802B00EA72E2 /* Comment.swift */ = {isa = PBXFileReference; lastKnownFileType = sourcecode.swift; path = Comment.swift; sourceTree = "<group>"; };
		CAAD35E22209826800EA72E2 /* MovieCollectionViewCell.swift */ = {isa = PBXFileReference; lastKnownFileType = sourcecode.swift; path = MovieCollectionViewCell.swift; sourceTree = "<group>"; };
		CAAD35E6220982A100EA72E2 /* MovieCollectionViewController.swift */ = {isa = PBXFileReference; lastKnownFileType = sourcecode.swift; path = MovieCollectionViewController.swift; sourceTree = "<group>"; };
		CAAD35E82209891E00EA72E2 /* DetailInfoViewController.swift */ = {isa = PBXFileReference; lastKnownFileType = sourcecode.swift; path = DetailInfoViewController.swift; sourceTree = "<group>"; };
		CAAD35EA22098A6000EA72E2 /* DetailInfoCell.swift */ = {isa = PBXFileReference; lastKnownFileType = sourcecode.swift; path = DetailInfoCell.swift; sourceTree = "<group>"; };
		CAAD35EC22098E3C00EA72E2 /* MovieTableViewController.swift */ = {isa = PBXFileReference; fileEncoding = 4; lastKnownFileType = sourcecode.swift; path = MovieTableViewController.swift; sourceTree = "<group>"; };
		CAAD35ED22098E3C00EA72E2 /* MovieTableViewCell.swift */ = {isa = PBXFileReference; fileEncoding = 4; lastKnownFileType = sourcecode.swift; path = MovieTableViewCell.swift; sourceTree = "<group>"; };
		CAAD35F0220990EB00EA72E2 /* CommentCell.swift */ = {isa = PBXFileReference; lastKnownFileType = sourcecode.swift; path = CommentCell.swift; sourceTree = "<group>"; };
		CAAD35F2220AD99A00EA72E2 /* CommentViewController.swift */ = {isa = PBXFileReference; lastKnownFileType = sourcecode.swift; path = CommentViewController.swift; sourceTree = "<group>"; };
/* End PBXFileReference section */

/* Begin PBXFrameworksBuildPhase section */
		CAAD35BA22070C9D00EA72E2 /* Frameworks */ = {
			isa = PBXFrameworksBuildPhase;
			buildActionMask = 2147483647;
			files = (
			);
			runOnlyForDeploymentPostprocessing = 0;
		};
/* End PBXFrameworksBuildPhase section */

/* Begin PBXGroup section */
		CAAD35B422070C9D00EA72E2 = {
			isa = PBXGroup;
			children = (
				CAAD35BF22070C9D00EA72E2 /* BoxOffice */,
				CAAD35BE22070C9D00EA72E2 /* Products */,
			);
			sourceTree = "<group>";
		};
		CAAD35BE22070C9D00EA72E2 /* Products */ = {
			isa = PBXGroup;
			children = (
				CAAD35BD22070C9D00EA72E2 /* BoxOffice.app */,
			);
			name = Products;
			sourceTree = "<group>";
		};
		CAAD35BF22070C9D00EA72E2 /* BoxOffice */ = {
			isa = PBXGroup;
			children = (
				CAAD35F2220AD99A00EA72E2 /* CommentViewController.swift */,
				CAAD35ED22098E3C00EA72E2 /* MovieTableViewCell.swift */,
				CAAD35EC22098E3C00EA72E2 /* MovieTableViewController.swift */,
				CAAD35E82209891E00EA72E2 /* DetailInfoViewController.swift */,
				CAAD35F0220990EB00EA72E2 /* CommentCell.swift */,
				CAAD35E6220982A100EA72E2 /* MovieCollectionViewController.swift */,
				CAAD35E22209826800EA72E2 /* MovieCollectionViewCell.swift */,
				CAAD35DC2209802B00EA72E2 /* Comment.swift */,
				CAAD35DA2209800300EA72E2 /* MovieDetail.swift */,
				CAAD35D822097D4700EA72E2 /* BoxOfficeAPI.swift */,
				CAAD35C022070C9D00EA72E2 /* AppDelegate.swift */,
				CAAD35C222070C9D00EA72E2 /* MovieTableViewController.swift */,
				CAAD35C422070C9D00EA72E2 /* Main.storyboard */,
				CAAD35C722070C9F00EA72E2 /* Assets.xcassets */,
				CAAD35C922070C9F00EA72E2 /* LaunchScreen.storyboard */,
				CAAD35CC22070C9F00EA72E2 /* Info.plist */,
				CAAD35D62209740F00EA72E2 /* Movie.swift */,
				CAAD35EA22098A6000EA72E2 /* DetailInfoCell.swift */,
			);
			path = BoxOffice;
			sourceTree = "<group>";
		};
/* End PBXGroup section */

/* Begin PBXNativeTarget section */
		CAAD35BC22070C9D00EA72E2 /* BoxOffice */ = {
			isa = PBXNativeTarget;
			buildConfigurationList = CAAD35CF22070C9F00EA72E2 /* Build configuration list for PBXNativeTarget "BoxOffice" */;
			buildPhases = (
				CAAD35B922070C9D00EA72E2 /* Sources */,
				CAAD35BA22070C9D00EA72E2 /* Frameworks */,
				CAAD35BB22070C9D00EA72E2 /* Resources */,
			);
			buildRules = (
			);
			dependencies = (
			);
			name = BoxOffice;
			productName = BoxOffice;
			productReference = CAAD35BD22070C9D00EA72E2 /* BoxOffice.app */;
			productType = "com.apple.product-type.application";
		};
/* End PBXNativeTarget section */

/* Begin PBXProject section */
		CAAD35B522070C9D00EA72E2 /* Project object */ = {
			isa = PBXProject;
			attributes = {
				LastSwiftUpdateCheck = 1010;
				LastUpgradeCheck = 1010;
				ORGANIZATIONNAME = "임정현";
				TargetAttributes = {
					CAAD35BC22070C9D00EA72E2 = {
						CreatedOnToolsVersion = 10.1;
					};
				};
			};
			buildConfigurationList = CAAD35B822070C9D00EA72E2 /* Build configuration list for PBXProject "BoxOffice" */;
			compatibilityVersion = "Xcode 9.3";
			developmentRegion = en;
			hasScannedForEncodings = 0;
			knownRegions = (
				en,
				Base,
			);
			mainGroup = CAAD35B422070C9D00EA72E2;
			productRefGroup = CAAD35BE22070C9D00EA72E2 /* Products */;
			projectDirPath = "";
			projectRoot = "";
			targets = (
				CAAD35BC22070C9D00EA72E2 /* BoxOffice */,
			);
		};
/* End PBXProject section */

/* Begin PBXResourcesBuildPhase section */
		CAAD35BB22070C9D00EA72E2 /* Resources */ = {
			isa = PBXResourcesBuildPhase;
			buildActionMask = 2147483647;
			files = (
				CAAD35CB22070C9F00EA72E2 /* LaunchScreen.storyboard in Resources */,
				CAAD35C822070C9F00EA72E2 /* Assets.xcassets in Resources */,
				CAAD35C622070C9D00EA72E2 /* Main.storyboard in Resources */,
			);
			runOnlyForDeploymentPostprocessing = 0;
		};
/* End PBXResourcesBuildPhase section */

/* Begin PBXSourcesBuildPhase section */
		CAAD35B922070C9D00EA72E2 /* Sources */ = {
			isa = PBXSourcesBuildPhase;
			buildActionMask = 2147483647;
			files = (
				CAAD35F3220AD99A00EA72E2 /* CommentViewController.swift in Sources */,
				CAAD35F1220990EB00EA72E2 /* CommentCell.swift in Sources */,
				CAAD35E7220982A100EA72E2 /* MovieCollectionViewController.swift in Sources */,
				CAAD35C322070C9D00EA72E2 /* MovieTableViewController.swift in Sources */,
				CAAD35EF22098E3C00EA72E2 /* MovieTableViewCell.swift in Sources */,
				CAAD35C122070C9D00EA72E2 /* AppDelegate.swift in Sources */,
				CAAD35E92209891E00EA72E2 /* DetailInfoViewController.swift in Sources */,
				CAAD35D922097D4700EA72E2 /* BoxOfficeAPI.swift in Sources */,
				CAAD35EE22098E3C00EA72E2 /* MovieTableViewController.swift in Sources */,
				CAAD35DD2209802B00EA72E2 /* Comment.swift in Sources */,
				CAAD35DB2209800300EA72E2 /* MovieDetail.swift in Sources */,
				CAAD35E32209826800EA72E2 /* MovieCollectionViewCell.swift in Sources */,
				CAAD35EB22098A6000EA72E2 /* DetailInfoCell.swift in Sources */,
				CAAD35D72209740F00EA72E2 /* Movie.swift in Sources */,
			);
			runOnlyForDeploymentPostprocessing = 0;
		};
/* End PBXSourcesBuildPhase section */

/* Begin PBXVariantGroup section */
		CAAD35C422070C9D00EA72E2 /* Main.storyboard */ = {
			isa = PBXVariantGroup;
			children = (
				CAAD35C522070C9D00EA72E2 /* Base */,
			);
			name = Main.storyboard;
			sourceTree = "<group>";
		};
		CAAD35C922070C9F00EA72E2 /* LaunchScreen.storyboard */ = {
			isa = PBXVariantGroup;
			children = (
				CAAD35CA22070C9F00EA72E2 /* Base */,
			);
			name = LaunchScreen.storyboard;
			sourceTree = "<group>";
		};
/* End PBXVariantGroup section */

/* Begin XCBuildConfiguration section */
		CAAD35CD22070C9F00EA72E2 /* Debug */ = {
			isa = XCBuildConfiguration;
			buildSettings = {
				ALWAYS_SEARCH_USER_PATHS = NO;
				CLANG_ANALYZER_NONNULL = YES;
				CLANG_ANALYZER_NUMBER_OBJECT_CONVERSION = YES_AGGRESSIVE;
				CLANG_CXX_LANGUAGE_STANDARD = "gnu++14";
				CLANG_CXX_LIBRARY = "libc++";
				CLANG_ENABLE_MODULES = YES;
				CLANG_ENABLE_OBJC_ARC = YES;
				CLANG_ENABLE_OBJC_WEAK = YES;
				CLANG_WARN_BLOCK_CAPTURE_AUTORELEASING = YES;
				CLANG_WARN_BOOL_CONVERSION = YES;
				CLANG_WARN_COMMA = YES;
				CLANG_WARN_CONSTANT_CONVERSION = YES;
				CLANG_WARN_DEPRECATED_OBJC_IMPLEMENTATIONS = YES;
				CLANG_WARN_DIRECT_OBJC_ISA_USAGE = YES_ERROR;
				CLANG_WARN_DOCUMENTATION_COMMENTS = YES;
				CLANG_WARN_EMPTY_BODY = YES;
				CLANG_WARN_ENUM_CONVERSION = YES;
				CLANG_WARN_INFINITE_RECURSION = YES;
				CLANG_WARN_INT_CONVERSION = YES;
				CLANG_WARN_NON_LITERAL_NULL_CONVERSION = YES;
				CLANG_WARN_OBJC_IMPLICIT_RETAIN_SELF = YES;
				CLANG_WARN_OBJC_LITERAL_CONVERSION = YES;
				CLANG_WARN_OBJC_ROOT_CLASS = YES_ERROR;
				CLANG_WARN_RANGE_LOOP_ANALYSIS = YES;
				CLANG_WARN_STRICT_PROTOTYPES = YES;
				CLANG_WARN_SUSPICIOUS_MOVE = YES;
				CLANG_WARN_UNGUARDED_AVAILABILITY = YES_AGGRESSIVE;
				CLANG_WARN_UNREACHABLE_CODE = YES;
				CLANG_WARN__DUPLICATE_METHOD_MATCH = YES;
				CODE_SIGN_IDENTITY = "iPhone Developer";
				COPY_PHASE_STRIP = NO;
				DEBUG_INFORMATION_FORMAT = dwarf;
				ENABLE_STRICT_OBJC_MSGSEND = YES;
				ENABLE_TESTABILITY = YES;
				GCC_C_LANGUAGE_STANDARD = gnu11;
				GCC_DYNAMIC_NO_PIC = NO;
				GCC_NO_COMMON_BLOCKS = YES;
				GCC_OPTIMIZATION_LEVEL = 0;
				GCC_PREPROCESSOR_DEFINITIONS = (
					"DEBUG=1",
					"$(inherited)",
				);
				GCC_WARN_64_TO_32_BIT_CONVERSION = YES;
				GCC_WARN_ABOUT_RETURN_TYPE = YES_ERROR;
				GCC_WARN_UNDECLARED_SELECTOR = YES;
				GCC_WARN_UNINITIALIZED_AUTOS = YES_AGGRESSIVE;
				GCC_WARN_UNUSED_FUNCTION = YES;
				GCC_WARN_UNUSED_VARIABLE = YES;
				IPHONEOS_DEPLOYMENT_TARGET = 12.1;
				MTL_ENABLE_DEBUG_INFO = INCLUDE_SOURCE;
				MTL_FAST_MATH = YES;
				ONLY_ACTIVE_ARCH = YES;
				SDKROOT = iphoneos;
				SWIFT_ACTIVE_COMPILATION_CONDITIONS = DEBUG;
				SWIFT_OPTIMIZATION_LEVEL = "-Onone";
			};
			name = Debug;
		};
		CAAD35CE22070C9F00EA72E2 /* Release */ = {
			isa = XCBuildConfiguration;
			buildSettings = {
				ALWAYS_SEARCH_USER_PATHS = NO;
				CLANG_ANALYZER_NONNULL = YES;
				CLANG_ANALYZER_NUMBER_OBJECT_CONVERSION = YES_AGGRESSIVE;
				CLANG_CXX_LANGUAGE_STANDARD = "gnu++14";
				CLANG_CXX_LIBRARY = "libc++";
				CLANG_ENABLE_MODULES = YES;
				CLANG_ENABLE_OBJC_ARC = YES;
				CLANG_ENABLE_OBJC_WEAK = YES;
				CLANG_WARN_BLOCK_CAPTURE_AUTORELEASING = YES;
				CLANG_WARN_BOOL_CONVERSION = YES;
				CLANG_WARN_COMMA = YES;
				CLANG_WARN_CONSTANT_CONVERSION = YES;
				CLANG_WARN_DEPRECATED_OBJC_IMPLEMENTATIONS = YES;
				CLANG_WARN_DIRECT_OBJC_ISA_USAGE = YES_ERROR;
				CLANG_WARN_DOCUMENTATION_COMMENTS = YES;
				CLANG_WARN_EMPTY_BODY = YES;
				CLANG_WARN_ENUM_CONVERSION = YES;
				CLANG_WARN_INFINITE_RECURSION = YES;
				CLANG_WARN_INT_CONVERSION = YES;
				CLANG_WARN_NON_LITERAL_NULL_CONVERSION = YES;
				CLANG_WARN_OBJC_IMPLICIT_RETAIN_SELF = YES;
				CLANG_WARN_OBJC_LITERAL_CONVERSION = YES;
				CLANG_WARN_OBJC_ROOT_CLASS = YES_ERROR;
				CLANG_WARN_RANGE_LOOP_ANALYSIS = YES;
				CLANG_WARN_STRICT_PROTOTYPES = YES;
				CLANG_WARN_SUSPICIOUS_MOVE = YES;
				CLANG_WARN_UNGUARDED_AVAILABILITY = YES_AGGRESSIVE;
				CLANG_WARN_UNREACHABLE_CODE = YES;
				CLANG_WARN__DUPLICATE_METHOD_MATCH = YES;
				CODE_SIGN_IDENTITY = "iPhone Developer";
				COPY_PHASE_STRIP = NO;
				DEBUG_INFORMATION_FORMAT = "dwarf-with-dsym";
				ENABLE_NS_ASSERTIONS = NO;
				ENABLE_STRICT_OBJC_MSGSEND = YES;
				GCC_C_LANGUAGE_STANDARD = gnu11;
				GCC_NO_COMMON_BLOCKS = YES;
				GCC_WARN_64_TO_32_BIT_CONVERSION = YES;
				GCC_WARN_ABOUT_RETURN_TYPE = YES_ERROR;
				GCC_WARN_UNDECLARED_SELECTOR = YES;
				GCC_WARN_UNINITIALIZED_AUTOS = YES_AGGRESSIVE;
				GCC_WARN_UNUSED_FUNCTION = YES;
				GCC_WARN_UNUSED_VARIABLE = YES;
				IPHONEOS_DEPLOYMENT_TARGET = 12.1;
				MTL_ENABLE_DEBUG_INFO = NO;
				MTL_FAST_MATH = YES;
				SDKROOT = iphoneos;
				SWIFT_COMPILATION_MODE = wholemodule;
				SWIFT_OPTIMIZATION_LEVEL = "-O";
				VALIDATE_PRODUCT = YES;
			};
			name = Release;
		};
		CAAD35D022070C9F00EA72E2 /* Debug */ = {
			isa = XCBuildConfiguration;
			buildSettings = {
				ASSETCATALOG_COMPILER_APPICON_NAME = AppIcon;
				CODE_SIGN_STYLE = Automatic;
				INFOPLIST_FILE = BoxOffice/Info.plist;
				LD_RUNPATH_SEARCH_PATHS = (
					"$(inherited)",
					"@executable_path/Frameworks",
				);
				PRODUCT_BUNDLE_IDENTIFIER = com.jeonghyun.BoxOffice;
				PRODUCT_NAME = "$(TARGET_NAME)";
				SWIFT_VERSION = 4.2;
				TARGETED_DEVICE_FAMILY = "1,2";
			};
			name = Debug;
		};
		CAAD35D122070C9F00EA72E2 /* Release */ = {
			isa = XCBuildConfiguration;
			buildSettings = {
				ASSETCATALOG_COMPILER_APPICON_NAME = AppIcon;
				CODE_SIGN_STYLE = Automatic;
				INFOPLIST_FILE = BoxOffice/Info.plist;
				LD_RUNPATH_SEARCH_PATHS = (
					"$(inherited)",
					"@executable_path/Frameworks",
				);
				PRODUCT_BUNDLE_IDENTIFIER = com.jeonghyun.BoxOffice;
				PRODUCT_NAME = "$(TARGET_NAME)";
				SWIFT_VERSION = 4.2;
				TARGETED_DEVICE_FAMILY = "1,2";
			};
			name = Release;
		};
/* End XCBuildConfiguration section */

/* Begin XCConfigurationList section */
		CAAD35B822070C9D00EA72E2 /* Build configuration list for PBXProject "BoxOffice" */ = {
			isa = XCConfigurationList;
			buildConfigurations = (
				CAAD35CD22070C9F00EA72E2 /* Debug */,
				CAAD35CE22070C9F00EA72E2 /* Release */,
			);
			defaultConfigurationIsVisible = 0;
			defaultConfigurationName = Release;
		};
		CAAD35CF22070C9F00EA72E2 /* Build configuration list for PBXNativeTarget "BoxOffice" */ = {
			isa = XCConfigurationList;
			buildConfigurations = (
				CAAD35D022070C9F00EA72E2 /* Debug */,
				CAAD35D122070C9F00EA72E2 /* Release */,
			);
			defaultConfigurationIsVisible = 0;
			defaultConfigurationName = Release;
		};
/* End XCConfigurationList section */
	};
	rootObject = CAAD35B522070C9D00EA72E2 /* Project object */;
}
